
Microsoft Visual Studio Solution File, Format Version 12.00
# Visual Studio Version 17
VisualStudioVersion = 17.14.36717.8 d17.14
MinimumVisualStudioVersion = 10.0.40219.1
Project("{FAE04EC0-301F-11D3-BF4B-00C04F79EFBC}") = "AvisFormation.Web", "AvisFormation.Web\AvisFormation.Web.csproj", "{87E48358-074F-47C4-A33C-5367D8958347}"
EndProject
Project("{FAE04EC0-301F-11D3-BF4B-00C04F79EFBC}") = "AvisFormation.Data", "AvisFormation.Data\AvisFormation.Data.csproj", "{8DF64DE5-5789-4712-8B39-D0206167F6C8}"
EndProject
Project("{FAE04EC0-301F-11D3-BF4B-00C04F79EFBC}") = "AvisFormation.Logic", "AvisFormation.Logic\AvisFormation.Logic.csproj", "{FFC527D7-ED0B-451F-8504-4E310A866578}"
EndProject
Global
	GlobalSection(SolutionConfigurationPlatforms) = preSolution
		Debug|Any CPU = Debug|Any CPU
		Release|Any CPU = Release|Any CPU
	EndGlobalSection
	GlobalSection(ProjectConfigurationPlatforms) = postSolution
		{87E48358-074F-47C4-A33C-5367D8958347}.Debug|Any CPU.ActiveCfg = Debug|Any CPU
		{87E48358-074F-47C4-A33C-5367D8958347}.Debug|Any CPU.Build.0 = Debug|Any CPU
		{87E48358-074F-47C4-A33C-5367D8958347}.Release|Any CPU.ActiveCfg = Release|Any CPU
		{87E48358-074F-47C4-A33C-5367D8958347}.Release|Any CPU.Build.0 = Release|Any CPU
		{8DF64DE5-5789-4712-8B39-D0206167F6C8}.Debug|Any CPU.ActiveCfg = Debug|Any CPU
		{8DF64DE5-5789-4712-8B39-D0206167F6C8}.Debug|Any CPU.Build.0 = Debug|Any CPU
		{8DF64DE5-5789-4712-8B39-D0206167F6C8}.Release|Any CPU.ActiveCfg = Release|Any CPU
		{8DF64DE5-5789-4712-8B39-D0206167F6C8}.Release|Any CPU.Build.0 = Release|Any CPU
		{FFC527D7-ED0B-451F-8504-4E310A866578}.Debug|Any CPU.ActiveCfg = Debug|Any CPU
		{FFC527D7-ED0B-451F-8504-4E310A866578}.Debug|Any CPU.Build.0 = Debug|Any CPU
		{FFC527D7-ED0B-451F-8504-4E310A866578}.Release|Any CPU.ActiveCfg = Release|Any CPU
		{FFC527D7-ED0B-451F-8504-4E310A866578}.Release|Any CPU.Build.0 = Release|Any CPU
	EndGlobalSection
	GlobalSection(SolutionProperties) = preSolution
		HideSolutionNode = FALSE
	EndGlobalSection
	GlobalSection(ExtensibilityGlobals) = postSolution
		SolutionGuid = {5CFD3A14-AC9F-4896-AF0B-C8A317D14E43}
	EndGlobalSection
EndGlobal
